
Microsoft Visual Studio Solution File, Format Version 12.00
# Visual Studio 15
VisualStudioVersion = 15.0.27703.2000
MinimumVisualStudioVersion = 10.0.40219.1
Project("{FAE04EC0-301F-11D3-BF4B-00C04F79EFBC}") = "Event Frame Manual Creation", "Event Frame Manual Creation\Event Frame Manual Creation.csproj", "{ED815A0D-FAC2-433F-A38A-9F4E95D10427}"
EndProject
Global
	GlobalSection(SolutionConfigurationPlatforms) = preSolution
		Debug|Any CPU = Debug|Any CPU
		Release|Any CPU = Release|Any CPU
	EndGlobalSection
	GlobalSection(ProjectConfigurationPlatforms) = postSolution
		{ED815A0D-FAC2-433F-A38A-9F4E95D10427}.Debug|Any CPU.ActiveCfg = Debug|Any CPU
		{ED815A0D-FAC2-433F-A38A-9F4E95D10427}.Debug|Any CPU.Build.0 = Debug|Any CPU
		{ED815A0D-FAC2-433F-A38A-9F4E95D10427}.Release|Any CPU.ActiveCfg = Release|Any CPU
		{ED815A0D-FAC2-433F-A38A-9F4E95D10427}.Release|Any CPU.Build.0 = Release|Any CPU
	EndGlobalSection
	GlobalSection(SolutionProperties) = preSolution
		HideSolutionNode = FALSE
	EndGlobalSection
	GlobalSection(ExtensibilityGlobals) = postSolution
		SolutionGuid = {20F6D8B2-B40F-47F2-8494-71A072A5742A}
	EndGlobalSection
EndGlobal
